IoT Load Balancing Agile Backend To be the best, you must be able to handle the worst. API Gateway Neural Networks Serverless Firewalls Distributed Systems Server Response CI/CD Python
Framework Edge Computing Event-driven Architecture DNS Routing RabbitMQ Automation
Kubernetes Success usually comes to those who are too busy to be looking for it. Blockchain Cloud Containerization Database Virtual Machines A/B Testing
